// !$*UTF8*$!
{
	archiveVersion = 1;
	classes = {
	};
	objectVersion = 42;
	objects = {

/* Begin PBXFileReference section */
		E4019E270BED928D0094EB0E /* autoconf_builder.sh */ = {isa = PBXFileReference; fileEncoding = "-2147483647"; lastKnownFileType = text.script.sh; path = autoconf_builder.sh; sourceTree = "<group>"; };
		E4019E280BED928D0094EB0E /* wrapper.sh */ = {isa = PBXFileReference; fileEncoding = "-2147483647"; lastKnownFileType = text.script.sh; path = wrapper.sh; sourceTree = "<group>"; };
		E43B2C080D22A6B3009BAC44 /* client.c */ = {isa = PBXFileReference; fileEncoding = "-2147483647"; lastKnownFileType = sourcecode.c.c; path = client.c; sourceTree = "<group>"; };
		E43B2C090D22A6B3009BAC44 /* common.c */ = {isa = PBXFileReference; fileEncoding = "-2147483647"; lastKnownFileType = sourcecode.c.c; path = common.c; sourceTree = "<group>"; };
		E43B2C0A0D22A6B3009BAC44 /* common.h */ = {isa = PBXFileReference; fileEncoding = "-2147483647"; lastKnownFileType = sourcecode.c.h; path = common.h; sourceTree = "<group>"; };
		E43B2C0B0D22A6B3009BAC44 /* config.h.in */ = {isa = PBXFileReference; fileEncoding = "-2147483647"; lastKnownFileType = text; path = config.h.in; sourceTree = "<group>"; };
		E43B2C0C0D22A6B3009BAC44 /* device.c */ = {isa = PBXFileReference; fileEncoding = "-2147483647"; lastKnownFileType = sourcecode.c.c; path = device.c; sourceTree = "<group>"; };
		E43B2C0D0D22A6B3009BAC44 /* event.c */ = {isa = PBXFileReference; fileEncoding = "-2147483647"; lastKnownFileType = sourcecode.c.c; path = event.c; sourceTree = "<group>"; };
		E43B2C0E0D22A6B3009BAC44 /* Makefile.am */ = {isa = PBXFileReference; fileEncoding = "-2147483647"; lastKnownFileType = text; path = Makefile.am; sourceTree = "<group>"; };
		E43B2C0F0D22A6B3009BAC44 /* Makefile.in */ = {isa = PBXFileReference; fileEncoding = "-2147483647"; lastKnownFileType = text; path = Makefile.in; sourceTree = "<group>"; };
		E43B2C100D22A6B3009BAC44 /* socket.c */ = {isa = PBXFileReference; fileEncoding = "-2147483647"; lastKnownFileType = sourcecode.c.c; path = socket.c; sourceTree = "<group>"; };
		E43B2C110D22A6B3009BAC44 /* thread.c */ = {isa = PBXFileReference; fileEncoding = "-2147483647"; lastKnownFileType = sourcecode.c.c; path = thread.c; sourceTree = "<group>"; };
/* End PBXFileReference section */

/* Begin PBXGroup section */
		08FB7794FE84155DC02AAC07 /* LinuxSampler */ = {
			isa = PBXGroup;
			children = (
				E43B2C070D22A6B3009BAC44 /* src */,
				E4019E270BED928D0094EB0E /* autoconf_builder.sh */,
				E4019E280BED928D0094EB0E /* wrapper.sh */,
			);
			name = LinuxSampler;
			sourceTree = "<group>";
		};
		E43B2C070D22A6B3009BAC44 /* src */ = {
			isa = PBXGroup;
			children = (
				E43B2C080D22A6B3009BAC44 /* client.c */,
				E43B2C090D22A6B3009BAC44 /* common.c */,
				E43B2C0A0D22A6B3009BAC44 /* common.h */,
				E43B2C0B0D22A6B3009BAC44 /* config.h.in */,
				E43B2C0C0D22A6B3009BAC44 /* device.c */,
				E43B2C0D0D22A6B3009BAC44 /* event.c */,
				E43B2C0E0D22A6B3009BAC44 /* Makefile.am */,
				E43B2C0F0D22A6B3009BAC44 /* Makefile.in */,
				E43B2C100D22A6B3009BAC44 /* socket.c */,
				E43B2C110D22A6B3009BAC44 /* thread.c */,
			);
			name = src;
			path = ../src;
			sourceTree = SOURCE_ROOT;
		};
/* End PBXGroup section */

/* Begin PBXLegacyTarget section */
		E4102B730BCBD832006B57FE /* liblscp */ = {
			isa = PBXLegacyTarget;
			buildArgumentsString = "$(PROJECT_DIR)/wrapper.sh";
			buildConfigurationList = E4102B740BCBD85E006B57FE /* Build configuration list for PBXLegacyTarget "liblscp" */;
			buildPhases = (
			);
			buildToolPath = /bin/sh;
			buildWorkingDirectory = ..;
			dependencies = (
			);
			name = liblscp;
			passBuildSettingsInEnvironment = 1;
			productName = libgig;
		};
/* End PBXLegacyTarget section */

/* Begin PBXProject section */
		08FB7793FE84155DC02AAC07 /* Project object */ = {
			isa = PBXProject;
			buildConfigurationList = 1DEB919308733D9F0010E9CD /* Build configuration list for PBXProject "liblscp" */;
			hasScannedForEncodings = 1;
			mainGroup = 08FB7794FE84155DC02AAC07 /* LinuxSampler */;
			projectDirPath = "";
			targets = (
				E4102B730BCBD832006B57FE /* liblscp */,
			);
		};
/* End PBXProject section */

/* Begin XCBuildConfiguration section */
		1DEB919408733D9F0010E9CD /* Development */ = {
			isa = XCBuildConfiguration;
			buildSettings = {
				GCC_WARN_ABOUT_RETURN_TYPE = YES;
				GCC_WARN_UNUSED_VARIABLE = YES;
				PREBINDING = NO;
				SDKROOT = /Developer/SDKs/MacOSX10.4u.sdk;
			};
			name = Development;
		};
		E4102B750BCBD85E006B57FE /* Development */ = {
			isa = XCBuildConfiguration;
			buildSettings = {
				COPY_PHASE_STRIP = NO;
				GCC_DYNAMIC_NO_PIC = NO;
				GCC_GENERATE_DEBUGGING_SYMBOLS = YES;
				GCC_OPTIMIZATION_LEVEL = 0;
				PRODUCT_NAME = linuxsampler;
			};
			name = Development;
		};
		E4102B770BCBD8A9006B57FE /* Deployment_ppc */ = {
			isa = XCBuildConfiguration;
			buildSettings = {
				COPY_PHASE_STRIP = NO;
				GCC_DYNAMIC_NO_PIC = NO;
				GCC_GENERATE_DEBUGGING_SYMBOLS = YES;
				GCC_OPTIMIZATION_LEVEL = 0;
				PRODUCT_NAME = linuxsampler;
			};
			name = Deployment_ppc;
		};
		E4102B780BCBD8A9006B57FE /* Deployment_i386 */ = {
			isa = XCBuildConfiguration;
			buildSettings = {
				COPY_PHASE_STRIP = NO;
				GCC_DYNAMIC_NO_PIC = NO;
				GCC_GENERATE_DEBUGGING_SYMBOLS = YES;
				GCC_OPTIMIZATION_LEVEL = 0;
				PRODUCT_NAME = linuxsampler;
			};
			name = Deployment_i386;
		};
		E4102B7B0BCBD8A9006B57FE /* Deployment_ppc */ = {
			isa = XCBuildConfiguration;
			buildSettings = {
				GCC_WARN_ABOUT_RETURN_TYPE = YES;
				GCC_WARN_UNUSED_VARIABLE = YES;
				PREBINDING = NO;
				SDKROOT = /Developer/SDKs/MacOSX10.4u.sdk;
			};
			name = Deployment_ppc;
		};
		E4102B7C0BCBD8A9006B57FE /* Deployment_i386 */ = {
			isa = XCBuildConfiguration;
			buildSettings = {
				GCC_WARN_ABOUT_RETURN_TYPE = YES;
				GCC_WARN_UNUSED_VARIABLE = YES;
				PREBINDING = NO;
				SDKROOT = /Developer/SDKs/MacOSX10.4u.sdk;
			};
			name = Deployment_i386;
		};
		E49D6A780BEE280600432768 /* Deployment_UB */ = {
			isa = XCBuildConfiguration;
			buildSettings = {
				COPY_PHASE_STRIP = NO;
				GCC_DYNAMIC_NO_PIC = NO;
				GCC_GENERATE_DEBUGGING_SYMBOLS = YES;
				GCC_OPTIMIZATION_LEVEL = 0;
				PRODUCT_NAME = linuxsampler;
			};
			name = Deployment_UB;
		};
		E49D6A790BEE280600432768 /* Deployment_UB */ = {
			isa = XCBuildConfiguration;
			buildSettings = {
				GCC_WARN_ABOUT_RETURN_TYPE = YES;
				GCC_WARN_UNUSED_VARIABLE = YES;
				PREBINDING = NO;
				SDKROOT = /Developer/SDKs/MacOSX10.4u.sdk;
			};
			name = Deployment_UB;
		};
/* End XCBuildConfiguration section */

/* Begin XCConfigurationList section */
		1DEB919308733D9F0010E9CD /* Build configuration list for PBXProject "liblscp" */ = {
			isa = XCConfigurationList;
			buildConfigurations = (
				1DEB919408733D9F0010E9CD /* Development */,
				E4102B7B0BCBD8A9006B57FE /* Deployment_ppc */,
				E4102B7C0BCBD8A9006B57FE /* Deployment_i386 */,
				E49D6A790BEE280600432768 /* Deployment_UB */,
			);
			defaultConfigurationIsVisible = 0;
			defaultConfigurationName = Development;
		};
		E4102B740BCBD85E006B57FE /* Build configuration list for PBXLegacyTarget "liblscp" */ = {
			isa = XCConfigurationList;
			buildConfigurations = (
				E4102B750BCBD85E006B57FE /* Development */,
				E4102B770BCBD8A9006B57FE /* Deployment_ppc */,
				E4102B780BCBD8A9006B57FE /* Deployment_i386 */,
				E49D6A780BEE280600432768 /* Deployment_UB */,
			);
			defaultConfigurationIsVisible = 0;
			defaultConfigurationName = Development;
		};
/* End XCConfigurationList section */
	};
	rootObject = 08FB7793FE84155DC02AAC07 /* Project object */;
}
